// !$*UTF8*$!
{
	archiveVersion = 1;
	classes = {
	};
	objectVersion = 46;
	objects = {

/* Begin PBXBuildFile section */
		63219AA2166E8322002F362A /* TimeZones.m in Sources */ = {isa = PBXBuildFile; fileRef = 63219AA1166E8322002F362A /* TimeZones.m */; };
		63219AA6166E8E94002F362A /* TimezonePickerViewController.m in Sources */ = {isa = PBXBuildFile; fileRef = 63219AA5166E8E93002F362A /* TimezonePickerViewController.m */; };
		63219AB1166EBA7E002F362A /* Settings.bundle in Resources */ = {isa = PBXBuildFile; fileRef = 63219AB0166EBA7E002F362A /* Settings.bundle */; };
		9E16261416BDDB9A00B8AFC8 /* Crashlytics.framework in Frameworks */ = {isa = PBXBuildFile; fileRef = 9E16261316BDDB9A00B8AFC8 /* Crashlytics.framework */; };
		9E2DD9BA168177FE00066E56 /* NavViewController.m in Sources */ = {isa = PBXBuildFile; fileRef = 9E2DD9B9168177FE00066E56 /* NavViewController.m */; };
		9E2DDA2516817F3800066E56 /* QuartzCore.framework in Frameworks */ = {isa = PBXBuildFile; fileRef = 9E2DDA2416817F3800066E56 /* QuartzCore.framework */; };
		9E2DDA5116867C7D00066E56 /* StoreKit.framework in Frameworks */ = {isa = PBXBuildFile; fileRef = 9E2DDA5016867C7D00066E56 /* StoreKit.framework */; settings = {ATTRIBUTES = (Weak, ); }; };
		9E33D2B7167E6AB200783F04 /* Calendar@2x.png in Resources */ = {isa = PBXBuildFile; fileRef = 9E33D2B6167E6AB200783F04 /* Calendar@2x.png */; };
		9E33D2BA167E6BC200783F04 /* Calendar.png in Resources */ = {isa = PBXBuildFile; fileRef = 9E33D2B9167E6BC200783F04 /* Calendar.png */; };
		9E33D2BD167E6CD400783F04 /* Info.png in Resources */ = {isa = PBXBuildFile; fileRef = 9E33D2BB167E6CD400783F04 /* Info.png */; };
		9E33D2BE167E6CD400783F04 /* Info@2x.png in Resources */ = {isa = PBXBuildFile; fileRef = 9E33D2BC167E6CD400783F04 /* Info@2x.png */; };
		9E33D2C1167E6DD400783F04 /* EventController.m in Sources */ = {isa = PBXBuildFile; fileRef = 9E33D2C0167E6DD400783F04 /* EventController.m */; };
		9E33D2C4167E6E1200783F04 /* EventKit.framework in Frameworks */ = {isa = PBXBuildFile; fileRef = 9E33D2C3167E6E1200783F04 /* EventKit.framework */; };
		9E33D2C7167E918500783F04 /* NSString+Slugs.m in Sources */ = {isa = PBXBuildFile; fileRef = 9E33D2C6167E918500783F04 /* NSString+Slugs.m */; };
		9E92C03C16D078F200701774 /* CFNetwork.framework in Frameworks */ = {isa = PBXBuildFile; fileRef = 9E92C03B16D078F200701774 /* CFNetwork.framework */; };
		9E92C03E16D078FE00701774 /* SystemConfiguration.framework in Frameworks */ = {isa = PBXBuildFile; fileRef = 9E92C03D16D078FE00701774 /* SystemConfiguration.framework */; };
		9E92C05F16D07A2100701774 /* .gitignore in Resources */ = {isa = PBXBuildFile; fileRef = 9E92C04016D07A2100701774 /* .gitignore */; };
		9E92C06016D07A2100701774 /* Appirater.m in Sources */ = {isa = PBXBuildFile; fileRef = 9E92C04216D07A2100701774 /* Appirater.m */; };
		9E92C06116D07A2100701774 /* Appirater.podspec in Resources */ = {isa = PBXBuildFile; fileRef = 9E92C04316D07A2100701774 /* Appirater.podspec */; };
		9E92C06216D07A2100701774 /* AppiraterLocalizable.strings in Resources */ = {isa = PBXBuildFile; fileRef = 9E92C04516D07A2100701774 /* AppiraterLocalizable.strings */; };
		9E92C06316D07A2100701774 /* README.md in Resources */ = {isa = PBXBuildFile; fileRef = 9E92C05816D07A2100701774 /* README.md */; };
		9E92C07B16D07A4F00701774 /* Core.m in Sources */ = {isa = PBXBuildFile; fileRef = 9E92C06716D07A4F00701774 /* Core.m */; };
		9E92C07C16D07A4F00701774 /* CoreListenerImpl.m in Sources */ = {isa = PBXBuildFile; fileRef = 9E92C06A16D07A4F00701774 /* CoreListenerImpl.m */; };
		9E92C07D16D07A4F00701774 /* Event.m in Sources */ = {isa = PBXBuildFile; fileRef = 9E92C06D16D07A4F00701774 /* Event.m */; };
		9E92C07E16D07A4F00701774 /* Hit.m in Sources */ = {isa = PBXBuildFile; fileRef = 9E92C07016D07A4F00701774 /* Hit.m */; };
		9E92C07F16D07A4F00701774 /* Logging.m in Sources */ = {isa = PBXBuildFile; fileRef = 9E92C07216D07A4F00701774 /* Logging.m */; };
		9E92C08016D07A4F00701774 /* PlatformImpl.m in Sources */ = {isa = PBXBuildFile; fileRef = 9E92C07616D07A4F00701774 /* PlatformImpl.m */; };
		9E92C08116D07A4F00701774 /* Response.m in Sources */ = {isa = PBXBuildFile; fileRef = 9E92C07816D07A4F00701774 /* Response.m */; };
		9E92C08216D07A4F00701774 /* Tapstream.m in Sources */ = {isa = PBXBuildFile; fileRef = 9E92C07A16D07A4F00701774 /* Tapstream.m */; };
		9E92C09216D07A6000701774 /* AbstractActionSheetPicker.m in Sources */ = {isa = PBXBuildFile; fileRef = 9E92C08516D07A6000701774 /* AbstractActionSheetPicker.m */; };
		9E92C09316D07A6000701774 /* ActionSheetCustomPicker.m in Sources */ = {isa = PBXBuildFile; fileRef = 9E92C08716D07A6000701774 /* ActionSheetCustomPicker.m */; };
		9E92C09416D07A6000701774 /* ActionSheetDatePicker.m in Sources */ = {isa = PBXBuildFile; fileRef = 9E92C08A16D07A6000701774 /* ActionSheetDatePicker.m */; };
		9E92C09516D07A6000701774 /* ActionSheetDistancePicker.m in Sources */ = {isa = PBXBuildFile; fileRef = 9E92C08C16D07A6000701774 /* ActionSheetDistancePicker.m */; };
		9E92C09616D07A6000701774 /* ActionSheetStringPicker.m in Sources */ = {isa = PBXBuildFile; fileRef = 9E92C08F16D07A6000701774 /* ActionSheetStringPicker.m */; };
		9E92C09716D07A6000701774 /* DistancePickerView.m in Sources */ = {isa = PBXBuildFile; fileRef = 9E92C09116D07A6000701774 /* DistancePickerView.m */; };
		9E92C0AD16D07A8200701774 /* PrettyCustomViewTableViewCell.m in Sources */ = {isa = PBXBuildFile; fileRef = 9E92C09B16D07A8200701774 /* PrettyCustomViewTableViewCell.m */; };
		9E92C0AE16D07A8200701774 /* PrettyGridTableViewCell.m in Sources */ = {isa = PBXBuildFile; fileRef = 9E92C09D16D07A8200701774 /* PrettyGridTableViewCell.m */; };
		9E92C0AF16D07A8200701774 /* PrettySegmentedControlTableViewCell.m in Sources */ = {isa = PBXBuildFile; fileRef = 9E92C09F16D07A8200701774 /* PrettySegmentedControlTableViewCell.m */; };
		9E92C0B016D07A8200701774 /* PrettyTableViewCell.m in Sources */ = {isa = PBXBuildFile; fileRef = 9E92C0A116D07A8200701774 /* PrettyTableViewCell.m */; };
		9E92C0B116D07A8200701774 /* PrettyDrawing.m in Sources */ = {isa = PBXBuildFile; fileRef = 9E92C0A316D07A8200701774 /* PrettyDrawing.m */; };
		9E92C0B216D07A8200701774 /* PrettyNavigationBar.m in Sources */ = {isa = PBXBuildFile; fileRef = 9E92C0A616D07A8200701774 /* PrettyNavigationBar.m */; };
		9E92C0B316D07A8200701774 /* PrettyShadowPlainTableview.m in Sources */ = {isa = PBXBuildFile; fileRef = 9E92C0A816D07A8200701774 /* PrettyShadowPlainTableview.m */; };
		9E92C0B416D07A8200701774 /* PrettyTabBar.m in Sources */ = {isa = PBXBuildFile; fileRef = 9E92C0AA16D07A8200701774 /* PrettyTabBar.m */; };
		9E92C0B516D07A8200701774 /* PrettyToolbar.m in Sources */ = {isa = PBXBuildFile; fileRef = 9E92C0AC16D07A8200701774 /* PrettyToolbar.m */; };
		9EB008B716DAA6C600A81024 /* HelpViewController.m in Sources */ = {isa = PBXBuildFile; fileRef = 9EB008B616DAA6C600A81024 /* HelpViewController.m */; };
		9EB524CF16937F5100DCAB62 /* Localizable.strings in Resources */ = {isa = PBXBuildFile; fileRef = 9EB524D116937F5100DCAB62 /* Localizable.strings */; };
		9EB524E216938F2900DCAB62 /* libMBProgressHUD.a in Frameworks */ = {isa = PBXBuildFile; fileRef = 9EB524E016938EF700DCAB62 /* libMBProgressHUD.a */; };
		9EC29856168FB18E001071EE /* UIAlertView+Callback.m in Sources */ = {isa = PBXBuildFile; fileRef = 9EC29855168FB18E001071EE /* UIAlertView+Callback.m */; };
		9EC29887168FCC93001071EE /* Timezones.json in Resources */ = {isa = PBXBuildFile; fileRef = 9EC29886168FCC93001071EE /* Timezones.json */; };
		9EC2988A16900DE0001071EE /* Icon.png in Resources */ = {isa = PBXBuildFile; fileRef = 9EC2988816900DE0001071EE /* Icon.png */; };
		9EC2988B16900DE0001071EE /* Icon@2x.png in Resources */ = {isa = PBXBuildFile; fileRef = 9EC2988916900DE0001071EE /* Icon@2x.png */; };
		9EDA3C031665B87A00EBC152 /* UIKit.framework in Frameworks */ = {isa = PBXBuildFile; fileRef = 9EDA3C021665B87A00EBC152 /* UIKit.framework */; };
		9EDA3C051665B87A00EBC152 /* Foundation.framework in Frameworks */ = {isa = PBXBuildFile; fileRef = 9EDA3C041665B87A00EBC152 /* Foundation.framework */; };
		9EDA3C071665B87A00EBC152 /* CoreGraphics.framework in Frameworks */ = {isa = PBXBuildFile; fileRef = 9EDA3C061665B87A00EBC152 /* CoreGraphics.framework */; };
		9EDA3C0D1665B87A00EBC152 /* InfoPlist.strings in Resources */ = {isa = PBXBuildFile; fileRef = 9EDA3C0B1665B87A00EBC152 /* InfoPlist.strings */; };
		9EDA3C0F1665B87A00EBC152 /* main.m in Sources */ = {isa = PBXBuildFile; fileRef = 9EDA3C0E1665B87A00EBC152 /* main.m */; };
		9EDA3C131665B87A00EBC152 /* AppDelegate.m in Sources */ = {isa = PBXBuildFile; fileRef = 9EDA3C121665B87A00EBC152 /* AppDelegate.m */; };
		9EDA3C151665B87A00EBC152 /* Default.png in Resources */ = {isa = PBXBuildFile; fileRef = 9EDA3C141665B87A00EBC152 /* Default.png */; };
		9EDA3C171665B87A00EBC152 /* Default@2x.png in Resources */ = {isa = PBXBuildFile; fileRef = 9EDA3C161665B87A00EBC152 /* Default@2x.png */; };
		9EDA3C191665B87A00EBC152 /* Default-568h@2x.png in Resources */ = {isa = PBXBuildFile; fileRef = 9EDA3C181665B87A00EBC152 /* Default-568h@2x.png */; };
		9EDA3C1C1665B87A00EBC152 /* MainStoryboard.storyboard in Resources */ = {isa = PBXBuildFile; fileRef = 9EDA3C1A1665B87A00EBC152 /* MainStoryboard.storyboard */; };
		9EDA3C1F1665B87A00EBC152 /* RootViewController.m in Sources */ = {isa = PBXBuildFile; fileRef = 9EDA3C1E1665B87A00EBC152 /* RootViewController.m */; };
		9EDBB85B17DB7C9E00C05902 /* 57px.png in Resources */ = {isa = PBXBuildFile; fileRef = 9EDBB85917DB7C9E00C05902 /* 57px.png */; };
		9EDBB85C17DB7C9E00C05902 /* 114px.png in Resources */ = {isa = PBXBuildFile; fileRef = 9EDBB85A17DB7C9E00C05902 /* 114px.png */; };
		9EDBB85F17DB7DA700C05902 /* Icon-29.png in Resources */ = {isa = PBXBuildFile; fileRef = 9EDBB85D17DB7DA700C05902 /* Icon-29.png */; };
		9EDBB86017DB7DA700C05902 /* Icon-58.png in Resources */ = {isa = PBXBuildFile; fileRef = 9EDBB85E17DB7DA700C05902 /* Icon-58.png */; };
/* End PBXBuildFile section */

/* Begin PBXContainerItemProxy section */
		9E00B60A169C849D00ED538E /* PBXContainerItemProxy */ = {
			isa = PBXContainerItemProxy;
			containerPortal = 9EB524D816938EF700DCAB62 /* MBProgressHUD.xcodeproj */;
			proxyType = 1;
			remoteGlobalIDString = D286A7481518C70F00E13FB8;
			remoteInfo = MBProgressHUD;
		};
		9EB524DF16938EF700DCAB62 /* PBXContainerItemProxy */ = {
			isa = PBXContainerItemProxy;
			containerPortal = 9EB524D816938EF700DCAB62 /* MBProgressHUD.xcodeproj */;
			proxyType = 2;
			remoteGlobalIDString = D286A7491518C70F00E13FB8;
			remoteInfo = MBProgressHUD;
		};
/* End PBXContainerItemProxy section */

/* Begin PBXFileReference section */
		63219AA0166E8322002F362A /* TimeZones.h */ = {isa = PBXFileReference; fileEncoding = 4; lastKnownFileType = sourcecode.c.h; name = TimeZones.h; path = Models/TimeZones.h; sourceTree = "<group>"; };
		63219AA1166E8322002F362A /* TimeZones.m */ = {isa = PBXFileReference; fileEncoding = 4; lastKnownFileType = sourcecode.c.objc; name = TimeZones.m; path = Models/TimeZones.m; sourceTree = "<group>"; };
		63219AA4166E8E93002F362A /* TimezonePickerViewController.h */ = {isa = PBXFileReference; fileEncoding = 4; lastKnownFileType = sourcecode.c.h; name = TimezonePickerViewController.h; path = Views/TimezonePickerViewController.h; sourceTree = "<group>"; };
		63219AA5166E8E93002F362A /* TimezonePickerViewController.m */ = {isa = PBXFileReference; fileEncoding = 4; lastKnownFileType = sourcecode.c.objc; name = TimezonePickerViewController.m; path = Views/TimezonePickerViewController.m; sourceTree = "<group>"; };
		63219AB0166EBA7E002F362A /* Settings.bundle */ = {isa = PBXFileReference; lastKnownFileType = "wrapper.plug-in"; path = Settings.bundle; sourceTree = "<group>"; };
		9E16261316BDDB9A00B8AFC8 /* Crashlytics.framework */ = {isa = PBXFileReference; lastKnownFileType = wrapper.framework; name = Crashlytics.framework; path = Famish/Vendor/Crashlytics.framework; sourceTree = "<group>"; };
		9E2DD9B8168177FE00066E56 /* NavViewController.h */ = {isa = PBXFileReference; fileEncoding = 4; lastKnownFileType = sourcecode.c.h; name = NavViewController.h; path = Views/NavViewController.h; sourceTree = "<group>"; };
		9E2DD9B9168177FE00066E56 /* NavViewController.m */ = {isa = PBXFileReference; fileEncoding = 4; lastKnownFileType = sourcecode.c.objc; name = NavViewController.m; path = Views/NavViewController.m; sourceTree = "<group>"; };
		9E2DDA2416817F3800066E56 /* QuartzCore.framework */ = {isa = PBXFileReference; lastKnownFileType = wrapper.framework; name = QuartzCore.framework; path = System/Library/Frameworks/QuartzCore.framework; sourceTree = SDKROOT; };
		9E2DDA5016867C7D00066E56 /* StoreKit.framework */ = {isa = PBXFileReference; lastKnownFileType = wrapper.framework; name = StoreKit.framework; path = System/Library/Frameworks/StoreKit.framework; sourceTree = SDKROOT; };
		9E33D2B6167E6AB200783F04 /* Calendar@2x.png */ = {isa = PBXFileReference; lastKnownFileType = image.png; path = "Calendar@2x.png"; sourceTree = "<group>"; };
		9E33D2B9167E6BC200783F04 /* Calendar.png */ = {isa = PBXFileReference; lastKnownFileType = image.png; path = Calendar.png; sourceTree = "<group>"; };
		9E33D2BB167E6CD400783F04 /* Info.png */ = {isa = PBXFileReference; lastKnownFileType = image.png; path = Info.png; sourceTree = "<group>"; };
		9E33D2BC167E6CD400783F04 /* Info@2x.png */ = {isa = PBXFileReference; lastKnownFileType = image.png; path = "Info@2x.png"; sourceTree = "<group>"; };
		9E33D2BF167E6DD400783F04 /* EventController.h */ = {isa = PBXFileReference; fileEncoding = 4; lastKnownFileType = sourcecode.c.h; name = EventController.h; path = Controllers/EventController.h; sourceTree = "<group>"; };
		9E33D2C0167E6DD400783F04 /* EventController.m */ = {isa = PBXFileReference; fileEncoding = 4; lastKnownFileType = sourcecode.c.objc; name = EventController.m; path = Controllers/EventController.m; sourceTree = "<group>"; };
		9E33D2C3167E6E1200783F04 /* EventKit.framework */ = {isa = PBXFileReference; lastKnownFileType = wrapper.framework; name = EventKit.framework; path = System/Library/Frameworks/EventKit.framework; sourceTree = SDKROOT; };
		9E33D2C5167E918500783F04 /* NSString+Slugs.h */ = {isa = PBXFileReference; fileEncoding = 4; lastKnownFileType = sourcecode.c.h; name = "NSString+Slugs.h"; path = "Categories/NSString+Slugs.h"; sourceTree = "<group>"; };
		9E33D2C6167E918500783F04 /* NSString+Slugs.m */ = {isa = PBXFileReference; fileEncoding = 4; lastKnownFileType = sourcecode.c.objc; name = "NSString+Slugs.m"; path = "Categories/NSString+Slugs.m"; sourceTree = "<group>"; };
		9E92C03B16D078F200701774 /* CFNetwork.framework */ = {isa = PBXFileReference; lastKnownFileType = wrapper.framework; name = CFNetwork.framework; path = System/Library/Frameworks/CFNetwork.framework; sourceTree = SDKROOT; };
		9E92C03D16D078FE00701774 /* SystemConfiguration.framework */ = {isa = PBXFileReference; lastKnownFileType = wrapper.framework; name = SystemConfiguration.framework; path = System/Library/Frameworks/SystemConfiguration.framework; sourceTree = SDKROOT; };
		9E92C04016D07A2100701774 /* .gitignore */ = {isa = PBXFileReference; fileEncoding = 4; lastKnownFileType = text; path = .gitignore; sourceTree = "<group>"; };
		9E92C04116D07A2100701774 /* Appirater.h */ = {isa = PBXFileReference; fileEncoding = 4; lastKnownFileType = sourcecode.c.h; path = Appirater.h; sourceTree = "<group>"; };
		9E92C04216D07A2100701774 /* Appirater.m */ = {isa = PBXFileReference; fileEncoding = 4; lastKnownFileType = sourcecode.c.objc; path = Appirater.m; sourceTree = "<group>"; };
		9E92C04316D07A2100701774 /* Appirater.podspec */ = {isa = PBXFileReference; fileEncoding = 4; lastKnownFileType = text; path = Appirater.podspec; sourceTree = "<group>"; };
		9E92C04416D07A2100701774 /* AppiraterDelegate.h */ = {isa = PBXFileReference; fileEncoding = 4; lastKnownFileType = sourcecode.c.h; path = AppiraterDelegate.h; sourceTree = "<group>"; };
		9E92C04616D07A2100701774 /* ca */ = {isa = PBXFileReference; lastKnownFileType = text.plist.strings; name = ca; path = ca.lproj/AppiraterLocalizable.strings; sourceTree = "<group>"; };
		9E92C04716D07A2100701774 /* cs */ = {isa = PBXFileReference; lastKnownFileType = text.plist.strings; name = cs; path = cs.lproj/AppiraterLocalizable.strings; sourceTree = "<group>"; };
		9E92C04816D07A2100701774 /* da */ = {isa = PBXFileReference; lastKnownFileType = text.plist.strings; name = da; path = da.lproj/AppiraterLocalizable.strings; sourceTree = "<group>"; };
		9E92C04916D07A2100701774 /* de */ = {isa = PBXFileReference; lastKnownFileType = text.plist.strings; name = de; path = de.lproj/AppiraterLocalizable.strings; sourceTree = "<group>"; };
		9E92C04A16D07A2100701774 /* el */ = {isa = PBXFileReference; lastKnownFileType = text.plist.strings; name = el; path = el.lproj/AppiraterLocalizable.strings; sourceTree = "<group>"; };
		9E92C04B16D07A2100701774 /* en */ = {isa = PBXFileReference; lastKnownFileType = text.plist.strings; name = en; path = en.lproj/AppiraterLocalizable.strings; sourceTree = "<group>"; };
		9E92C04C16D07A2100701774 /* es */ = {isa = PBXFileReference; lastKnownFileType = text.plist.strings; name = es; path = es.lproj/AppiraterLocalizable.strings; sourceTree = "<group>"; };
		9E92C04D16D07A2100701774 /* fi */ = {isa = PBXFileReference; lastKnownFileType = text.plist.strings; name = fi; path = fi.lproj/AppiraterLocalizable.strings; sourceTree = "<group>"; };
		9E92C04E16D07A2100701774 /* fr */ = {isa = PBXFileReference; lastKnownFileType = text.plist.strings; name = fr; path = fr.lproj/AppiraterLocalizable.strings; sourceTree = "<group>"; };
		9E92C04F16D07A2100701774 /* he */ = {isa = PBXFileReference; lastKnownFileType = text.plist.strings; name = he; path = he.lproj/AppiraterLocalizable.strings; sourceTree = "<group>"; };
		9E92C05016D07A2100701774 /* hu */ = {isa = PBXFileReference; lastKnownFileType = text.plist.strings; name = hu; path = hu.lproj/AppiraterLocalizable.strings; sourceTree = "<group>"; };
		9E92C05116D07A2100701774 /* it */ = {isa = PBXFileReference; lastKnownFileType = text.plist.strings; name = it; path = it.lproj/AppiraterLocalizable.strings; sourceTree = "<group>"; };
		9E92C05216D07A2100701774 /* ja */ = {isa = PBXFileReference; lastKnownFileType = text.plist.strings; name = ja; path = ja.lproj/AppiraterLocalizable.strings; sourceTree = "<group>"; };
		9E92C05316D07A2100701774 /* ko */ = {isa = PBXFileReference; lastKnownFileType = text.plist.strings; name = ko; path = ko.lproj/AppiraterLocalizable.strings; sourceTree = "<group>"; };
		9E92C05416D07A2100701774 /* nb */ = {isa = PBXFileReference; lastKnownFileType = text.plist.strings; name = nb; path = nb.lproj/AppiraterLocalizable.strings; sourceTree = "<group>"; };
		9E92C05516D07A2100701774 /* nl */ = {isa = PBXFileReference; lastKnownFileType = text.plist.strings; name = nl; path = nl.lproj/AppiraterLocalizable.strings; sourceTree = "<group>"; };
		9E92C05616D07A2100701774 /* pl */ = {isa = PBXFileReference; lastKnownFileType = text.plist.strings; name = pl; path = pl.lproj/AppiraterLocalizable.strings; sourceTree = "<group>"; };
		9E92C05716D07A2100701774 /* pt */ = {isa = PBXFileReference; lastKnownFileType = text.plist.strings; name = pt; path = pt.lproj/AppiraterLocalizable.strings; sourceTree = "<group>"; };
		9E92C05816D07A2100701774 /* README.md */ = {isa = PBXFileReference; fileEncoding = 4; lastKnownFileType = text; path = README.md; sourceTree = "<group>"; };
		9E92C05916D07A2100701774 /* ru */ = {isa = PBXFileReference; lastKnownFileType = text.plist.strings; name = ru; path = ru.lproj/AppiraterLocalizable.strings; sourceTree = "<group>"; };
		9E92C05A16D07A2100701774 /* sk */ = {isa = PBXFileReference; lastKnownFileType = text.plist.strings; name = sk; path = sk.lproj/AppiraterLocalizable.strings; sourceTree = "<group>"; };
		9E92C05B16D07A2100701774 /* sv */ = {isa = PBXFileReference; lastKnownFileType = text.plist.strings; name = sv; path = sv.lproj/AppiraterLocalizable.strings; sourceTree = "<group>"; };
		9E92C05C16D07A2100701774 /* tr */ = {isa = PBXFileReference; lastKnownFileType = text.plist.strings; name = tr; path = tr.lproj/AppiraterLocalizable.strings; sourceTree = "<group>"; };
		9E92C05D16D07A2100701774 /* zh-Hans */ = {isa = PBXFileReference; lastKnownFileType = text.plist.strings; name = "zh-Hans"; path = "zh-Hans.lproj/AppiraterLocalizable.strings"; sourceTree = "<group>"; };
		9E92C05E16D07A2100701774 /* zh-Hant */ = {isa = PBXFileReference; lastKnownFileType = text.plist.strings; name = "zh-Hant"; path = "zh-Hant.lproj/AppiraterLocalizable.strings"; sourceTree = "<group>"; };
		9E92C06516D07A4F00701774 /* Api.h */ = {isa = PBXFileReference; fileEncoding = 4; lastKnownFileType = sourcecode.c.h; path = Api.h; sourceTree = "<group>"; };
		9E92C06616D07A4F00701774 /* Core.h */ = {isa = PBXFileReference; fileEncoding = 4; lastKnownFileType = sourcecode.c.h; path = Core.h; sourceTree = "<group>"; };
		9E92C06716D07A4F00701774 /* Core.m */ = {isa = PBXFileReference; fileEncoding = 4; lastKnownFileType = sourcecode.c.objc; path = Core.m; sourceTree = "<group>"; };
		9E92C06816D07A4F00701774 /* CoreListener.h */ = {isa = PBXFileReference; fileEncoding = 4; lastKnownFileType = sourcecode.c.h; path = CoreListener.h; sourceTree = "<group>"; };
		9E92C06916D07A4F00701774 /* CoreListenerImpl.h */ = {isa = PBXFileReference; fileEncoding = 4; lastKnownFileType = sourcecode.c.h; path = CoreListenerImpl.h; sourceTree = "<group>"; };
		9E92C06A16D07A4F00701774 /* CoreListenerImpl.m */ = {isa = PBXFileReference; fileEncoding = 4; lastKnownFileType = sourcecode.c.objc; path = CoreListenerImpl.m; sourceTree = "<group>"; };
		9E92C06B16D07A4F00701774 /* Delegate.h */ = {isa = PBXFileReference; fileEncoding = 4; lastKnownFileType = sourcecode.c.h; path = Delegate.h; sourceTree = "<group>"; };
		9E92C06C16D07A4F00701774 /* Event.h */ = {isa = PBXFileReference; fileEncoding = 4; lastKnownFileType = sourcecode.c.h; path = Event.h; sourceTree = "<group>"; };
		9E92C06D16D07A4F00701774 /* Event.m */ = {isa = PBXFileReference; fileEncoding = 4; lastKnownFileType = sourcecode.c.objc; path = Event.m; sourceTree = "<group>"; };
		9E92C06E16D07A4F00701774 /* helpers.h */ = {isa = PBXFileReference; fileEncoding = 4; lastKnownFileType = sourcecode.c.h; path = helpers.h; sourceTree = "<group>"; };
		9E92C06F16D07A4F00701774 /* Hit.h */ = {isa = PBXFileReference; fileEncoding = 4; lastKnownFileType = sourcecode.c.h; path = Hit.h; sourceTree = "<group>"; };
		9E92C07016D07A4F00701774 /* Hit.m */ = {isa = PBXFileReference; fileEncoding = 4; lastKnownFileType = sourcecode.c.objc; path = Hit.m; sourceTree = "<group>"; };
		9E92C07116D07A4F00701774 /* Logging.h */ = {isa = PBXFileReference; fileEncoding = 4; lastKnownFileType = sourcecode.c.h; path = Logging.h; sourceTree = "<group>"; };
		9E92C07216D07A4F00701774 /* Logging.m */ = {isa = PBXFileReference; fileEncoding = 4; lastKnownFileType = sourcecode.c.objc; path = Logging.m; sourceTree = "<group>"; };
		9E92C07316D07A4F00701774 /* LogLevel.h */ = {isa = PBXFileReference; fileEncoding = 4; lastKnownFileType = sourcecode.c.h; path = LogLevel.h; sourceTree = "<group>"; };
		9E92C07416D07A4F00701774 /* Platform.h */ = {isa = PBXFileReference; fileEncoding = 4; lastKnownFileType = sourcecode.c.h; path = Platform.h; sourceTree = "<group>"; };
		9E92C07516D07A4F00701774 /* PlatformImpl.h */ = {isa = PBXFileReference; fileEncoding = 4; lastKnownFileType = sourcecode.c.h; path = PlatformImpl.h; sourceTree = "<group>"; };
		9E92C07616D07A4F00701774 /* PlatformImpl.m */ = {isa = PBXFileReference; fileEncoding = 4; lastKnownFileType = sourcecode.c.objc; path = PlatformImpl.m; sourceTree = "<group>"; };
		9E92C07716D07A4F00701774 /* Response.h */ = {isa = PBXFileReference; fileEncoding = 4; lastKnownFileType = sourcecode.c.h; path = Response.h; sourceTree = "<group>"; };
		9E92C07816D07A4F00701774 /* Response.m */ = {isa = PBXFileReference; fileEncoding = 4; lastKnownFileType = sourcecode.c.objc; path = Response.m; sourceTree = "<group>"; };
		9E92C07916D07A4F00701774 /* Tapstream.h */ = {isa = PBXFileReference; fileEncoding = 4; lastKnownFileType = sourcecode.c.h; path = Tapstream.h; sourceTree = "<group>"; };
		9E92C07A16D07A4F00701774 /* Tapstream.m */ = {isa = PBXFileReference; fileEncoding = 4; lastKnownFileType = sourcecode.c.objc; path = Tapstream.m; sourceTree = "<group>"; };
		9E92C08416D07A6000701774 /* AbstractActionSheetPicker.h */ = {isa = PBXFileReference; fileEncoding = 4; lastKnownFileType = sourcecode.c.h; path = AbstractActionSheetPicker.h; sourceTree = "<group>"; };
		9E92C08516D07A6000701774 /* AbstractActionSheetPicker.m */ = {isa = PBXFileReference; fileEncoding = 4; lastKnownFileType = sourcecode.c.objc; path = AbstractActionSheetPicker.m; sourceTree = "<group>"; };
		9E92C08616D07A6000701774 /* ActionSheetCustomPicker.h */ = {isa = PBXFileReference; fileEncoding = 4; lastKnownFileType = sourcecode.c.h; path = ActionSheetCustomPicker.h; sourceTree = "<group>"; };
		9E92C08716D07A6000701774 /* ActionSheetCustomPicker.m */ = {isa = PBXFileReference; fileEncoding = 4; lastKnownFileType = sourcecode.c.objc; path = ActionSheetCustomPicker.m; sourceTree = "<group>"; };
		9E92C08816D07A6000701774 /* ActionSheetCustomPickerDelegate.h */ = {isa = PBXFileReference; fileEncoding = 4; lastKnownFileType = sourcecode.c.h; path = ActionSheetCustomPickerDelegate.h; sourceTree = "<group>"; };
		9E92C08916D07A6000701774 /* ActionSheetDatePicker.h */ = {isa = PBXFileReference; fileEncoding = 4; lastKnownFileType = sourcecode.c.h; path = ActionSheetDatePicker.h; sourceTree = "<group>"; };
		9E92C08A16D07A6000701774 /* ActionSheetDatePicker.m */ = {isa = PBXFileReference; fileEncoding = 4; lastKnownFileType = sourcecode.c.objc; path = ActionSheetDatePicker.m; sourceTree = "<group>"; };
		9E92C08B16D07A6000701774 /* ActionSheetDistancePicker.h */ = {isa = PBXFileReference; fileEncoding = 4; lastKnownFileType = sourcecode.c.h; path = ActionSheetDistancePicker.h; sourceTree = "<group>"; };
		9E92C08C16D07A6000701774 /* ActionSheetDistancePicker.m */ = {isa = PBXFileReference; fileEncoding = 4; lastKnownFileType = sourcecode.c.objc; path = ActionSheetDistancePicker.m; sourceTree = "<group>"; };
		9E92C08D16D07A6000701774 /* ActionSheetPicker.h */ = {isa = PBXFileReference; fileEncoding = 4; lastKnownFileType = sourcecode.c.h; path = ActionSheetPicker.h; sourceTree = "<group>"; };
		9E92C08E16D07A6000701774 /* ActionSheetStringPicker.h */ = {isa = PBXFileReference; fileEncoding = 4; lastKnownFileType = sourcecode.c.h; path = ActionSheetStringPicker.h; sourceTree = "<group>"; };
		9E92C08F16D07A6000701774 /* ActionSheetStringPicker.m */ = {isa = PBXFileReference; fileEncoding = 4; lastKnownFileType = sourcecode.c.objc; path = ActionSheetStringPicker.m; sourceTree = "<group>"; };
		9E92C09016D07A6000701774 /* DistancePickerView.h */ = {isa = PBXFileReference; fileEncoding = 4; lastKnownFileType = sourcecode.c.h; path = DistancePickerView.h; sourceTree = "<group>"; };
		9E92C09116D07A6000701774 /* DistancePickerView.m */ = {isa = PBXFileReference; fileEncoding = 4; lastKnownFileType = sourcecode.c.objc; path = DistancePickerView.m; sourceTree = "<group>"; };
		9E92C09A16D07A8200701774 /* PrettyCustomViewTableViewCell.h */ = {isa = PBXFileReference; fileEncoding = 4; lastKnownFileType = sourcecode.c.h; path = PrettyCustomViewTableViewCell.h; sourceTree = "<group>"; };
		9E92C09B16D07A8200701774 /* PrettyCustomViewTableViewCell.m */ = {isa = PBXFileReference; fileEncoding = 4; lastKnownFileType = sourcecode.c.objc; path = PrettyCustomViewTableViewCell.m; sourceTree = "<group>"; };
		9E92C09C16D07A8200701774 /* PrettyGridTableViewCell.h */ = {isa = PBXFileReference; fileEncoding = 4; lastKnownFileType = sourcecode.c.h; path = PrettyGridTableViewCell.h; sourceTree = "<group>"; };
		9E92C09D16D07A8200701774 /* PrettyGridTableViewCell.m */ = {isa = PBXFileReference; fileEncoding = 4; lastKnownFileType = sourcecode.c.objc; path = PrettyGridTableViewCell.m; sourceTree = "<group>"; };
		9E92C09E16D07A8200701774 /* PrettySegmentedControlTableViewCell.h */ = {isa = PBXFileReference; fileEncoding = 4; lastKnownFileType = sourcecode.c.h; path = PrettySegmentedControlTableViewCell.h; sourceTree = "<group>"; };
		9E92C09F16D07A8200701774 /* PrettySegmentedControlTableViewCell.m */ = {isa = PBXFileReference; fileEncoding = 4; lastKnownFileType = sourcecode.c.objc; path = PrettySegmentedControlTableViewCell.m; sourceTree = "<group>"; };
		9E92C0A016D07A8200701774 /* PrettyTableViewCell.h */ = {isa = PBXFileReference; fileEncoding = 4; lastKnownFileType = sourcecode.c.h; path = PrettyTableViewCell.h; sourceTree = "<group>"; };
		9E92C0A116D07A8200701774 /* PrettyTableViewCell.m */ = {isa = PBXFileReference; fileEncoding = 4; lastKnownFileType = sourcecode.c.objc; path = PrettyTableViewCell.m; sourceTree = "<group>"; };
		9E92C0A216D07A8200701774 /* PrettyDrawing.h */ = {isa = PBXFileReference; fileEncoding = 4; lastKnownFileType = sourcecode.c.h; path = PrettyDrawing.h; sourceTree = "<group>"; };
		9E92C0A316D07A8200701774 /* PrettyDrawing.m */ = {isa = PBXFileReference; fileEncoding = 4; lastKnownFileType = sourcecode.c.objc; path = PrettyDrawing.m; sourceTree = "<group>"; };
		9E92C0A416D07A8200701774 /* PrettyKit.h */ = {isa = PBXFileReference; fileEncoding = 4; lastKnownFileType = sourcecode.c.h; path = PrettyKit.h; sourceTree = "<group>"; };
		9E92C0A516D07A8200701774 /* PrettyNavigationBar.h */ = {isa = PBXFileReference; fileEncoding = 4; lastKnownFileType = sourcecode.c.h; path = PrettyNavigationBar.h; sourceTree = "<group>"; };
		9E92C0A616D07A8200701774 /* PrettyNavigationBar.m */ = {isa = PBXFileReference; fileEncoding = 4; lastKnownFileType = sourcecode.c.objc; path = PrettyNavigationBar.m; sourceTree = "<group>"; };
		9E92C0A716D07A8200701774 /* PrettyShadowPlainTableview.h */ = {isa = PBXFileReference; fileEncoding = 4; lastKnownFileType = sourcecode.c.h; path = PrettyShadowPlainTableview.h; sourceTree = "<group>"; };
		9E92C0A816D07A8200701774 /* PrettyShadowPlainTableview.m */ = {isa = PBXFileReference; fileEncoding = 4; lastKnownFileType = sourcecode.c.objc; path = PrettyShadowPlainTableview.m; sourceTree = "<group>"; };
		9E92C0A916D07A8200701774 /* PrettyTabBar.h */ = {isa = PBXFileReference; fileEncoding = 4; lastKnownFileType = sourcecode.c.h; path = PrettyTabBar.h; sourceTree = "<group>"; };
		9E92C0AA16D07A8200701774 /* PrettyTabBar.m */ = {isa = PBXFileReference; fileEncoding = 4; lastKnownFileType = sourcecode.c.objc; path = PrettyTabBar.m; sourceTree = "<group>"; };
		9E92C0AB16D07A8200701774 /* PrettyToolbar.h */ = {isa = PBXFileReference; fileEncoding = 4; lastKnownFileType = sourcecode.c.h; path = PrettyToolbar.h; sourceTree = "<group>"; };
		9E92C0AC16D07A8200701774 /* PrettyToolbar.m */ = {isa = PBXFileReference; fileEncoding = 4; lastKnownFileType = sourcecode.c.objc; path = PrettyToolbar.m; sourceTree = "<group>"; };
		9EB008B516DAA6C600A81024 /* HelpViewController.h */ = {isa = PBXFileReference; fileEncoding = 4; lastKnownFileType = sourcecode.c.h; name = HelpViewController.h; path = Views/HelpViewController.h; sourceTree = "<group>"; };
		9EB008B616DAA6C600A81024 /* HelpViewController.m */ = {isa = PBXFileReference; fileEncoding = 4; lastKnownFileType = sourcecode.c.objc; name = HelpViewController.m; path = Views/HelpViewController.m; sourceTree = "<group>"; };
		9EB008B916DAF01C00A81024 /* fr */ = {isa = PBXFileReference; lastKnownFileType = text.plist.strings; name = fr; path = fr.lproj/Localizable.strings; sourceTree = "<group>"; };
		9EB524D016937F5100DCAB62 /* en */ = {isa = PBXFileReference; fileEncoding = 4; lastKnownFileType = text.plist.strings; name = en; path = en.lproj/Localizable.strings; sourceTree = "<group>"; };
		9EB524D2169381A500DCAB62 /* es */ = {isa = PBXFileReference; lastKnownFileType = text.plist.strings; name = es; path = es.lproj/InfoPlist.strings; sourceTree = "<group>"; };
		9EB524D3169381A500DCAB62 /* es */ = {isa = PBXFileReference; fileEncoding = 4; lastKnownFileType = text.plist.strings; name = es; path = es.lproj/Localizable.strings; sourceTree = "<group>"; };
		9EB524D816938EF700DCAB62 /* MBProgressHUD.xcodeproj */ = {isa = PBXFileReference; lastKnownFileType = "wrapper.pb-project"; name = MBProgressHUD.xcodeproj; path = Famish/Vendor/MBProgressHUD/MBProgressHUD.xcodeproj; sourceTree = "<group>"; };
		9EC29854168FB18E001071EE /* UIAlertView+Callback.h */ = {isa = PBXFileReference; fileEncoding = 4; lastKnownFileType = sourcecode.c.h; name = "UIAlertView+Callback.h"; path = "Categories/UIAlertView+Callback.h"; sourceTree = "<group>"; };
		9EC29855168FB18E001071EE /* UIAlertView+Callback.m */ = {isa = PBXFileReference; fileEncoding = 4; lastKnownFileType = sourcecode.c.objc; name = "UIAlertView+Callback.m"; path = "Categories/UIAlertView+Callback.m"; sourceTree = "<group>"; };
		9EC29886168FCC93001071EE /* Timezones.json */ = {isa = PBXFileReference; fileEncoding = 4; lastKnownFileType = text.json; path = Timezones.json; sourceTree = "<group>"; };
		9EC2988816900DE0001071EE /* Icon.png */ = {isa = PBXFileReference; lastKnownFileType = image.png; path = Icon.png; sourceTree = "<group>"; };
		9EC2988916900DE0001071EE /* Icon@2x.png */ = {isa = PBXFileReference; lastKnownFileType = image.png; path = "Icon@2x.png"; sourceTree = "<group>"; };
		9EDA3BFE1665B87A00EBC152 /* Famish.app */ = {isa = PBXFileReference; explicitFileType = wrapper.application; includeInIndex = 0; path = Famish.app; sourceTree = BUILT_PRODUCTS_DIR; };
		9EDA3C021665B87A00EBC152 /* UIKit.framework */ = {isa = PBXFileReference; lastKnownFileType = wrapper.framework; name = UIKit.framework; path = System/Library/Frameworks/UIKit.framework; sourceTree = SDKROOT; };
		9EDA3C041665B87A00EBC152 /* Foundation.framework */ = {isa = PBXFileReference; lastKnownFileType = wrapper.framework; name = Foundation.framework; path = System/Library/Frameworks/Foundation.framework; sourceTree = SDKROOT; };
		9EDA3C061665B87A00EBC152 /* CoreGraphics.framework */ = {isa = PBXFileReference; lastKnownFileType = wrapper.framework; name = CoreGraphics.framework; path = System/Library/Frameworks/CoreGraphics.framework; sourceTree = SDKROOT; };
		9EDA3C0A1665B87A00EBC152 /* Famish-Info.plist */ = {isa = PBXFileReference; lastKnownFileType = text.plist.xml; path = "Famish-Info.plist"; sourceTree = "<group>"; };
		9EDA3C0C1665B87A00EBC152 /* en */ = {isa = PBXFileReference; lastKnownFileType = text.plist.strings; name = en; path = en.lproj/InfoPlist.strings; sourceTree = "<group>"; };
		9EDA3C0E1665B87A00EBC152 /* main.m */ = {isa = PBXFileReference; lastKnownFileType = sourcecode.c.objc; path = main.m; sourceTree = "<group>"; };
		9EDA3C101665B87A00EBC152 /* Famish-Prefix.pch */ = {isa = PBXFileReference; lastKnownFileType = sourcecode.c.h; path = "Famish-Prefix.pch"; sourceTree = "<group>"; };
		9EDA3C111665B87A00EBC152 /* AppDelegate.h */ = {isa = PBXFileReference; lastKnownFileType = sourcecode.c.h; path = AppDelegate.h; sourceTree = "<group>"; };
		9EDA3C121665B87A00EBC152 /* AppDelegate.m */ = {isa = PBXFileReference; lastKnownFileType = sourcecode.c.objc; path = AppDelegate.m; sourceTree = "<group>"; };
		9EDA3C141665B87A00EBC152 /* Default.png */ = {isa = PBXFileReference; lastKnownFileType = image.png; path = Default.png; sourceTree = "<group>"; };
		9EDA3C161665B87A00EBC152 /* Default@2x.png */ = {isa = PBXFileReference; lastKnownFileType = image.png; path = "Default@2x.png"; sourceTree = "<group>"; };
		9EDA3C181665B87A00EBC152 /* Default-568h@2x.png */ = {isa = PBXFileReference; lastKnownFileType = image.png; path = "Default-568h@2x.png"; sourceTree = "<group>"; };
		9EDA3C1B1665B87A00EBC152 /* en */ = {isa = PBXFileReference; lastKnownFileType = file.storyboard; name = en; path = en.lproj/MainStoryboard.storyboard; sourceTree = "<group>"; };
		9EDA3C1D1665B87A00EBC152 /* RootViewController.h */ = {isa = PBXFileReference; lastKnownFileType = sourcecode.c.h; path = RootViewController.h; sourceTree = "<group>"; };
		9EDA3C1E1665B87A00EBC152 /* RootViewController.m */ = {isa = PBXFileReference; lastKnownFileType = sourcecode.c.objc; path = RootViewController.m; sourceTree = "<group>"; };
		9EDBB85917DB7C9E00C05902 /* 57px.png */ = {isa = PBXFileReference; lastKnownFileType = image.png; path = 57px.png; sourceTree = "<group>"; };
		9EDBB85A17DB7C9E00C05902 /* 114px.png */ = {isa = PBXFileReference; lastKnownFileType = image.png; path = 114px.png; sourceTree = "<group>"; };
		9EDBB85D17DB7DA700C05902 /* Icon-29.png */ = {isa = PBXFileReference; lastKnownFileType = image.png; path = "Icon-29.png"; sourceTree = "<group>"; };
		9EDBB85E17DB7DA700C05902 /* Icon-58.png */ = {isa = PBXFileReference; lastKnownFileType = image.png; path = "Icon-58.png"; sourceTree = "<group>"; };
/* End PBXFileReference section */

/* Begin PBXFrameworksBuildPhase section */
		9EDA3BFB1665B87A00EBC152 /* Frameworks */ = {
			isa = PBXFrameworksBuildPhase;
			buildActionMask = 2147483647;
			files = (
				9E92C03E16D078FE00701774 /* SystemConfiguration.framework in Frameworks */,
				9E92C03C16D078F200701774 /* CFNetwork.framework in Frameworks */,
				9EB524E216938F2900DCAB62 /* libMBProgressHUD.a in Frameworks */,
				9E2DDA5116867C7D00066E56 /* StoreKit.framework in Frameworks */,
				9E2DDA2516817F3800066E56 /* QuartzCore.framework in Frameworks */,
				9E33D2C4167E6E1200783F04 /* EventKit.framework in Frameworks */,
				9EDA3C031665B87A00EBC152 /* UIKit.framework in Frameworks */,
				9EDA3C051665B87A00EBC152 /* Foundation.framework in Frameworks */,
				9EDA3C071665B87A00EBC152 /* CoreGraphics.framework in Frameworks */,
				9E16261416BDDB9A00B8AFC8 /* Crashlytics.framework in Frameworks */,
			);
			runOnlyForDeploymentPostprocessing = 0;
		};
/* End PBXFrameworksBuildPhase section */

/* Begin PBXGroup section */
		63219AA7166E8E98002F362A /* Views */ = {
			isa = PBXGroup;
			children = (
				9E2DD9B8168177FE00066E56 /* NavViewController.h */,
				9E2DD9B9168177FE00066E56 /* NavViewController.m */,
				63219AA4166E8E93002F362A /* TimezonePickerViewController.h */,
				63219AA5166E8E93002F362A /* TimezonePickerViewController.m */,
				9EB008B516DAA6C600A81024 /* HelpViewController.h */,
				9EB008B616DAA6C600A81024 /* HelpViewController.m */,
			);
			name = Views;
			sourceTree = "<group>";
		};
		63219AA8166E8EA6002F362A /* Models */ = {
			isa = PBXGroup;
			children = (
				63219AA0166E8322002F362A /* TimeZones.h */,
				63219AA1166E8322002F362A /* TimeZones.m */,
			);
			name = Models;
			sourceTree = "<group>";
		};
		9E33D2C2167E6DD900783F04 /* Controllers */ = {
			isa = PBXGroup;
			children = (
				9E33D2BF167E6DD400783F04 /* EventController.h */,
				9E33D2C0167E6DD400783F04 /* EventController.m */,
			);
			name = Controllers;
			sourceTree = "<group>";
		};
		9E33D2C8167E918C00783F04 /* Categories */ = {
			isa = PBXGroup;
			children = (
				9E33D2C5167E918500783F04 /* NSString+Slugs.h */,
				9E33D2C6167E918500783F04 /* NSString+Slugs.m */,
				9EC29854168FB18E001071EE /* UIAlertView+Callback.h */,
				9EC29855168FB18E001071EE /* UIAlertView+Callback.m */,
			);
			name = Categories;
			sourceTree = "<group>";
		};
		9E44081E16B8F5F800ADB2DB /* Vendor */ = {
			isa = PBXGroup;
			children = (
				9E92C09816D07A8200701774 /* PrettyKit */,
				9E92C08316D07A6000701774 /* ActionSheetPicker */,
				9E92C06416D07A4F00701774 /* Tapstream */,
				9E92C03F16D07A2100701774 /* Appirater */,
			);
			path = Vendor;
			sourceTree = "<group>";
		};
		9E74B28E16804B6D00DE47F5 /* Assets */ = {
			isa = PBXGroup;
			children = (
				9EDA3C141665B87A00EBC152 /* Default.png */,
				9EDA3C161665B87A00EBC152 /* Default@2x.png */,
				9EDA3C181665B87A00EBC152 /* Default-568h@2x.png */,
				9EDBB85D17DB7DA700C05902 /* Icon-29.png */,
				9EDBB85E17DB7DA700C05902 /* Icon-58.png */,
				9EDBB85917DB7C9E00C05902 /* 57px.png */,
				9EDBB85A17DB7C9E00C05902 /* 114px.png */,
				9E33D2BB167E6CD400783F04 /* Info.png */,
				9E33D2BC167E6CD400783F04 /* Info@2x.png */,
				9EC2988816900DE0001071EE /* Icon.png */,
				9EC2988916900DE0001071EE /* Icon@2x.png */,
			);
			path = Assets;
			sourceTree = "<group>";
		};
		9E92C03F16D07A2100701774 /* Appirater */ = {
			isa = PBXGroup;
			children = (
				9E92C04016D07A2100701774 /* .gitignore */,
				9E92C04116D07A2100701774 /* Appirater.h */,
				9E92C04216D07A2100701774 /* Appirater.m */,
				9E92C04316D07A2100701774 /* Appirater.podspec */,
				9E92C04416D07A2100701774 /* AppiraterDelegate.h */,
				9E92C04516D07A2100701774 /* AppiraterLocalizable.strings */,
				9E92C05816D07A2100701774 /* README.md */,
			);
			name = Appirater;
			path = Appirator;
			sourceTree = "<group>";
		};
		9E92C06416D07A4F00701774 /* Tapstream */ = {
			isa = PBXGroup;
			children = (
				9E92C06516D07A4F00701774 /* Api.h */,
				9E92C06616D07A4F00701774 /* Core.h */,
				9E92C06716D07A4F00701774 /* Core.m */,
				9E92C06816D07A4F00701774 /* CoreListener.h */,
				9E92C06916D07A4F00701774 /* CoreListenerImpl.h */,
				9E92C06A16D07A4F00701774 /* CoreListenerImpl.m */,
				9E92C06B16D07A4F00701774 /* Delegate.h */,
				9E92C06C16D07A4F00701774 /* Event.h */,
				9E92C06D16D07A4F00701774 /* Event.m */,
				9E92C06E16D07A4F00701774 /* helpers.h */,
				9E92C06F16D07A4F00701774 /* Hit.h */,
				9E92C07016D07A4F00701774 /* Hit.m */,
				9E92C07116D07A4F00701774 /* Logging.h */,
				9E92C07216D07A4F00701774 /* Logging.m */,
				9E92C07316D07A4F00701774 /* LogLevel.h */,
				9E92C07416D07A4F00701774 /* Platform.h */,
				9E92C07516D07A4F00701774 /* PlatformImpl.h */,
				9E92C07616D07A4F00701774 /* PlatformImpl.m */,
				9E92C07716D07A4F00701774 /* Response.h */,
				9E92C07816D07A4F00701774 /* Response.m */,
				9E92C07916D07A4F00701774 /* Tapstream.h */,
				9E92C07A16D07A4F00701774 /* Tapstream.m */,
			);
			path = Tapstream;
			sourceTree = "<group>";
		};
		9E92C08316D07A6000701774 /* ActionSheetPicker */ = {
			isa = PBXGroup;
			children = (
				9E92C08416D07A6000701774 /* AbstractActionSheetPicker.h */,
				9E92C08516D07A6000701774 /* AbstractActionSheetPicker.m */,
				9E92C08616D07A6000701774 /* ActionSheetCustomPicker.h */,
				9E92C08716D07A6000701774 /* ActionSheetCustomPicker.m */,
				9E92C08816D07A6000701774 /* ActionSheetCustomPickerDelegate.h */,
				9E92C08916D07A6000701774 /* ActionSheetDatePicker.h */,
				9E92C08A16D07A6000701774 /* ActionSheetDatePicker.m */,
				9E92C08B16D07A6000701774 /* ActionSheetDistancePicker.h */,
				9E92C08C16D07A6000701774 /* ActionSheetDistancePicker.m */,
				9E92C08D16D07A6000701774 /* ActionSheetPicker.h */,
				9E92C08E16D07A6000701774 /* ActionSheetStringPicker.h */,
				9E92C08F16D07A6000701774 /* ActionSheetStringPicker.m */,
				9E92C09016D07A6000701774 /* DistancePickerView.h */,
				9E92C09116D07A6000701774 /* DistancePickerView.m */,
			);
			path = ActionSheetPicker;
			sourceTree = "<group>";
		};
		9E92C09816D07A8200701774 /* PrettyKit */ = {
			isa = PBXGroup;
			children = (
				9E92C09916D07A8200701774 /* Cells */,
				9E92C0A216D07A8200701774 /* PrettyDrawing.h */,
				9E92C0A316D07A8200701774 /* PrettyDrawing.m */,
				9E92C0A416D07A8200701774 /* PrettyKit.h */,
				9E92C0A516D07A8200701774 /* PrettyNavigationBar.h */,
				9E92C0A616D07A8200701774 /* PrettyNavigationBar.m */,
				9E92C0A716D07A8200701774 /* PrettyShadowPlainTableview.h */,
				9E92C0A816D07A8200701774 /* PrettyShadowPlainTableview.m */,
				9E92C0A916D07A8200701774 /* PrettyTabBar.h */,
				9E92C0AA16D07A8200701774 /* PrettyTabBar.m */,
				9E92C0AB16D07A8200701774 /* PrettyToolbar.h */,
				9E92C0AC16D07A8200701774 /* PrettyToolbar.m */,
			);
			path = PrettyKit;
			sourceTree = "<group>";
		};
		9E92C09916D07A8200701774 /* Cells */ = {
			isa = PBXGroup;
			children = (
				9E92C09A16D07A8200701774 /* PrettyCustomViewTableViewCell.h */,
				9E92C09B16D07A8200701774 /* PrettyCustomViewTableViewCell.m */,
				9E92C09C16D07A8200701774 /* PrettyGridTableViewCell.h */,
				9E92C09D16D07A8200701774 /* PrettyGridTableViewCell.m */,
				9E92C09E16D07A8200701774 /* PrettySegmentedControlTableViewCell.h */,
				9E92C09F16D07A8200701774 /* PrettySegmentedControlTableViewCell.m */,
				9E92C0A016D07A8200701774 /* PrettyTableViewCell.h */,
				9E92C0A116D07A8200701774 /* PrettyTableViewCell.m */,
			);
			path = Cells;
			sourceTree = "<group>";
		};
		9EB524D916938EF700DCAB62 /* Products */ = {
			isa = PBXGroup;
			children = (
				9EB524E016938EF700DCAB62 /* libMBProgressHUD.a */,
			);
			name = Products;
			sourceTree = "<group>";
		};
		9EDA3BF31665B87A00EBC152 = {
			isa = PBXGroup;
			children = (
				9E92C03D16D078FE00701774 /* SystemConfiguration.framework */,
				9E92C03B16D078F200701774 /* CFNetwork.framework */,
				9EB524D816938EF700DCAB62 /* MBProgressHUD.xcodeproj */,
				9EDA3C081665B87A00EBC152 /* Famish */,
				9EDA3C011665B87A00EBC152 /* Frameworks */,
				9EDA3BFF1665B87A00EBC152 /* Products */,
			);
			sourceTree = "<group>";
		};
		9EDA3BFF1665B87A00EBC152 /* Products */ = {
			isa = PBXGroup;
			children = (
				9EDA3BFE1665B87A00EBC152 /* Famish.app */,
			);
			name = Products;
			sourceTree = "<group>";
		};
		9EDA3C011665B87A00EBC152 /* Frameworks */ = {
			isa = PBXGroup;
			children = (
				9E16261316BDDB9A00B8AFC8 /* Crashlytics.framework */,
				9E2DDA5016867C7D00066E56 /* StoreKit.framework */,
				9E2DDA2416817F3800066E56 /* QuartzCore.framework */,
				9E33D2C3167E6E1200783F04 /* EventKit.framework */,
				9EDA3C021665B87A00EBC152 /* UIKit.framework */,
				9EDA3C041665B87A00EBC152 /* Foundation.framework */,
				9EDA3C061665B87A00EBC152 /* CoreGraphics.framework */,
			);
			name = Frameworks;
			sourceTree = "<group>";
		};
		9EDA3C081665B87A00EBC152 /* Famish */ = {
			isa = PBXGroup;
			children = (
				9EDA3C111665B87A00EBC152 /* AppDelegate.h */,
				9EDA3C121665B87A00EBC152 /* AppDelegate.m */,
				9EDA3C1A1665B87A00EBC152 /* MainStoryboard.storyboard */,
				9E33D2C8167E918C00783F04 /* Categories */,
				9EDA3C1D1665B87A00EBC152 /* RootViewController.h */,
				9EDA3C1E1665B87A00EBC152 /* RootViewController.m */,
				9E33D2C2167E6DD900783F04 /* Controllers */,
				63219AA7166E8E98002F362A /* Views */,
				63219AA8166E8EA6002F362A /* Models */,
				9E44081E16B8F5F800ADB2DB /* Vendor */,
				9EDA3C091665B87A00EBC152 /* Supporting Files */,
			);
			path = Famish;
			sourceTree = "<group>";
		};
		9EDA3C091665B87A00EBC152 /* Supporting Files */ = {
			isa = PBXGroup;
			children = (
				9E74B28E16804B6D00DE47F5 /* Assets */,
				9EDA3C0A1665B87A00EBC152 /* Famish-Info.plist */,
				9EDA3C0B1665B87A00EBC152 /* InfoPlist.strings */,
				9EDA3C0E1665B87A00EBC152 /* main.m */,
				9E33D2B9167E6BC200783F04 /* Calendar.png */,
				9E33D2B6167E6AB200783F04 /* Calendar@2x.png */,
				9EDA3C101665B87A00EBC152 /* Famish-Prefix.pch */,
				63219AB0166EBA7E002F362A /* Settings.bundle */,
				9EC29886168FCC93001071EE /* Timezones.json */,
				9EB524D116937F5100DCAB62 /* Localizable.strings */,
			);
			name = "Supporting Files";
			sourceTree = "<group>";
		};
/* End PBXGroup section */

/* Begin PBXNativeTarget section */
		9EDA3BFD1665B87A00EBC152 /* Famish */ = {
			isa = PBXNativeTarget;
			buildConfigurationList = 9EDA3C221665B87A00EBC152 /* Build configuration list for PBXNativeTarget "Famish" */;
			buildPhases = (
				9EDA3BFA1665B87A00EBC152 /* Sources */,
				9EDA3BFB1665B87A00EBC152 /* Frameworks */,
				9EDA3BFC1665B87A00EBC152 /* Resources */,
				9EF1042D169933DC0019F7EB /* ShellScript */,
				9E44082316BC1D3100ADB2DB /* ShellScript */,
			);
			buildRules = (
			);
			dependencies = (
				9E00B60B169C849D00ED538E /* PBXTargetDependency */,
			);
			name = Famish;
			productName = Famish;
			productReference = 9EDA3BFE1665B87A00EBC152 /* Famish.app */;
			productType = "com.apple.product-type.application";
		};
/* End PBXNativeTarget section */

/* Begin PBXProject section */
		9EDA3BF51665B87A00EBC152 /* Project object */ = {
			isa = PBXProject;
			attributes = {
				LastUpgradeCheck = 0450;
				ORGANIZATIONNAME = "adr.enal.in Groupe";
			};
			buildConfigurationList = 9EDA3BF81665B87A00EBC152 /* Build configuration list for PBXProject "Famish" */;
			compatibilityVersion = "Xcode 3.2";
			developmentRegion = English;
			hasScannedForEncodings = 0;
			knownRegions = (
				en,
				ca,
				cs,
				da,
				de,
				el,
				es,
				fi,
				fr,
				he,
				hu,
				it,
				ja,
				ko,
				nb,
				nl,
				pl,
				pt,
				ru,
				sk,
				sv,
				tr,
				"zh-Hans",
				"zh-Hant",
			);
			mainGroup = 9EDA3BF31665B87A00EBC152;
			productRefGroup = 9EDA3BFF1665B87A00EBC152 /* Products */;
			projectDirPath = "";
			projectReferences = (
				{
					ProductGroup = 9EB524D916938EF700DCAB62 /* Products */;
					ProjectRef = 9EB524D816938EF700DCAB62 /* MBProgressHUD.xcodeproj */;
				},
			);
			projectRoot = "";
			targets = (
				9EDA3BFD1665B87A00EBC152 /* Famish */,
			);
		};
/* End PBXProject section */

/* Begin PBXReferenceProxy section */
		9EB524E016938EF700DCAB62 /* libMBProgressHUD.a */ = {
			isa = PBXReferenceProxy;
			fileType = archive.ar;
			path = libMBProgressHUD.a;
			remoteRef = 9EB524DF16938EF700DCAB62 /* PBXContainerItemProxy */;
			sourceTree = BUILT_PRODUCTS_DIR;
		};
/* End PBXReferenceProxy section */

/* Begin PBXResourcesBuildPhase section */
		9EDA3BFC1665B87A00EBC152 /* Resources */ = {
			isa = PBXResourcesBuildPhase;
			buildActionMask = 2147483647;
			files = (
				9EDA3C0D1665B87A00EBC152 /* InfoPlist.strings in Resources */,
				9EDA3C151665B87A00EBC152 /* Default.png in Resources */,
				9EDBB85C17DB7C9E00C05902 /* 114px.png in Resources */,
				9EDA3C171665B87A00EBC152 /* Default@2x.png in Resources */,
				9EDA3C191665B87A00EBC152 /* Default-568h@2x.png in Resources */,
				9EDA3C1C1665B87A00EBC152 /* MainStoryboard.storyboard in Resources */,
				63219AB1166EBA7E002F362A /* Settings.bundle in Resources */,
				9EDBB86017DB7DA700C05902 /* Icon-58.png in Resources */,
				9E33D2B7167E6AB200783F04 /* Calendar@2x.png in Resources */,
				9E33D2BA167E6BC200783F04 /* Calendar.png in Resources */,
				9E33D2BD167E6CD400783F04 /* Info.png in Resources */,
				9E33D2BE167E6CD400783F04 /* Info@2x.png in Resources */,
				9EDBB85B17DB7C9E00C05902 /* 57px.png in Resources */,
				9EC29887168FCC93001071EE /* Timezones.json in Resources */,
				9EC2988A16900DE0001071EE /* Icon.png in Resources */,
				9EDBB85F17DB7DA700C05902 /* Icon-29.png in Resources */,
				9EC2988B16900DE0001071EE /* Icon@2x.png in Resources */,
				9E92C05F16D07A2100701774 /* .gitignore in Resources */,
				9E92C06116D07A2100701774 /* Appirater.podspec in Resources */,
				9E92C06216D07A2100701774 /* AppiraterLocalizable.strings in Resources */,
				9E92C06316D07A2100701774 /* README.md in Resources */,
				9EB524CF16937F5100DCAB62 /* Localizable.strings in Resources */,
			);
			runOnlyForDeploymentPostprocessing = 0;
		};
/* End PBXResourcesBuildPhase section */

/* Begin PBXShellScriptBuildPhase section */
		9E44082316BC1D3100ADB2DB /* ShellScript */ = {
			isa = PBXShellScriptBuildPhase;
			buildActionMask = 2147483647;
			files = (
			);
			inputPaths = (
			);
			outputPaths = (
			);
			runOnlyForDeploymentPostprocessing = 0;
			shellPath = /bin/sh;
			shellScript = "./Famish/Vendor/Crashlytics.framework/run af61c1874590fd1ecd6b32ead09f7418ae099444";
		};
		9EF1042D169933DC0019F7EB /* ShellScript */ = {
			isa = PBXShellScriptBuildPhase;
			buildActionMask = 2147483647;
			files = (
			);
			inputPaths = (
			);
			outputPaths = (
			);
			runOnlyForDeploymentPostprocessing = 0;
			shellPath = /bin/sh;
			shellScript = "# Auto Increment Version Script\nbuildPlist=${INFOPLIST_FILE}\nCFBuildNumber=$(/usr/libexec/PlistBuddy -c \"Print CFBuildNumber\" $buildPlist)\nCFBuildNumber=$(($CFBuildNumber + 1))\n/usr/libexec/PlistBuddy -c \"Set :CFBuildNumber $CFBuildNumber\" $buildPlist\nCFBuildDate=$(date +%Y%m%d%H%M%S)\n/usr/libexec/PlistBuddy -c \"Set :CFBuildDate $CFBuildDate\" $buildPlist\n";
		};
/* End PBXShellScriptBuildPhase section */

/* Begin PBXSourcesBuildPhase section */
		9EDA3BFA1665B87A00EBC152 /* Sources */ = {
			isa = PBXSourcesBuildPhase;
			buildActionMask = 2147483647;
			files = (
				9EDA3C0F1665B87A00EBC152 /* main.m in Sources */,
				9EDA3C131665B87A00EBC152 /* AppDelegate.m in Sources */,
				9EDA3C1F1665B87A00EBC152 /* RootViewController.m in Sources */,
				63219AA2166E8322002F362A /* TimeZones.m in Sources */,
				63219AA6166E8E94002F362A /* TimezonePickerViewController.m in Sources */,
				9E33D2C1167E6DD400783F04 /* EventController.m in Sources */,
				9E33D2C7167E918500783F04 /* NSString+Slugs.m in Sources */,
				9E2DD9BA168177FE00066E56 /* NavViewController.m in Sources */,
				9EC29856168FB18E001071EE /* UIAlertView+Callback.m in Sources */,
				9E92C06016D07A2100701774 /* Appirater.m in Sources */,
				9E92C07B16D07A4F00701774 /* Core.m in Sources */,
				9E92C07C16D07A4F00701774 /* CoreListenerImpl.m in Sources */,
				9E92C07D16D07A4F00701774 /* Event.m in Sources */,
				9E92C07E16D07A4F00701774 /* Hit.m in Sources */,
				9E92C07F16D07A4F00701774 /* Logging.m in Sources */,
				9E92C08016D07A4F00701774 /* PlatformImpl.m in Sources */,
				9E92C08116D07A4F00701774 /* Response.m in Sources */,
				9E92C08216D07A4F00701774 /* Tapstream.m in Sources */,
				9E92C09216D07A6000701774 /* AbstractActionSheetPicker.m in Sources */,
				9E92C09316D07A6000701774 /* ActionSheetCustomPicker.m in Sources */,
				9E92C09416D07A6000701774 /* ActionSheetDatePicker.m in Sources */,
				9E92C09516D07A6000701774 /* ActionSheetDistancePicker.m in Sources */,
				9E92C09616D07A6000701774 /* ActionSheetStringPicker.m in Sources */,
				9E92C09716D07A6000701774 /* DistancePickerView.m in Sources */,
				9E92C0AD16D07A8200701774 /* PrettyCustomViewTableViewCell.m in Sources */,
				9E92C0AE16D07A8200701774 /* PrettyGridTableViewCell.m in Sources */,
				9E92C0AF16D07A8200701774 /* PrettySegmentedControlTableViewCell.m in Sources */,
				9E92C0B016D07A8200701774 /* PrettyTableViewCell.m in Sources */,
				9E92C0B116D07A8200701774 /* PrettyDrawing.m in Sources */,
				9E92C0B216D07A8200701774 /* PrettyNavigationBar.m in Sources */,
				9E92C0B316D07A8200701774 /* PrettyShadowPlainTableview.m in Sources */,
				9E92C0B416D07A8200701774 /* PrettyTabBar.m in Sources */,
				9E92C0B516D07A8200701774 /* PrettyToolbar.m in Sources */,
				9EB008B716DAA6C600A81024 /* HelpViewController.m in Sources */,
			);
			runOnlyForDeploymentPostprocessing = 0;
		};
/* End PBXSourcesBuildPhase section */

/* Begin PBXTargetDependency section */
		9E00B60B169C849D00ED538E /* PBXTargetDependency */ = {
			isa = PBXTargetDependency;
			name = MBProgressHUD;
			targetProxy = 9E00B60A169C849D00ED538E /* PBXContainerItemProxy */;
		};
/* End PBXTargetDependency section */

/* Begin PBXVariantGroup section */
		9E92C04516D07A2100701774 /* AppiraterLocalizable.strings */ = {
			isa = PBXVariantGroup;
			children = (
				9E92C04616D07A2100701774 /* ca */,
				9E92C04716D07A2100701774 /* cs */,
				9E92C04816D07A2100701774 /* da */,
				9E92C04916D07A2100701774 /* de */,
				9E92C04A16D07A2100701774 /* el */,
				9E92C04B16D07A2100701774 /* en */,
				9E92C04C16D07A2100701774 /* es */,
				9E92C04D16D07A2100701774 /* fi */,
				9E92C04E16D07A2100701774 /* fr */,
				9E92C04F16D07A2100701774 /* he */,
				9E92C05016D07A2100701774 /* hu */,
				9E92C05116D07A2100701774 /* it */,
				9E92C05216D07A2100701774 /* ja */,
				9E92C05316D07A2100701774 /* ko */,
				9E92C05416D07A2100701774 /* nb */,
				9E92C05516D07A2100701774 /* nl */,
				9E92C05616D07A2100701774 /* pl */,
				9E92C05716D07A2100701774 /* pt */,
				9E92C05916D07A2100701774 /* ru */,
				9E92C05A16D07A2100701774 /* sk */,
				9E92C05B16D07A2100701774 /* sv */,
				9E92C05C16D07A2100701774 /* tr */,
				9E92C05D16D07A2100701774 /* zh-Hans */,
				9E92C05E16D07A2100701774 /* zh-Hant */,
			);
			name = AppiraterLocalizable.strings;
			sourceTree = "<group>";
		};
		9EB524D116937F5100DCAB62 /* Localizable.strings */ = {
			isa = PBXVariantGroup;
			children = (
				9EB524D016937F5100DCAB62 /* en */,
				9EB524D3169381A500DCAB62 /* es */,
				9EB008B916DAF01C00A81024 /* fr */,
			);
			name = Localizable.strings;
			sourceTree = "<group>";
		};
		9EDA3C0B1665B87A00EBC152 /* InfoPlist.strings */ = {
			isa = PBXVariantGroup;
			children = (
				9EDA3C0C1665B87A00EBC152 /* en */,
				9EB524D2169381A500DCAB62 /* es */,
			);
			name = InfoPlist.strings;
			sourceTree = "<group>";
		};
		9EDA3C1A1665B87A00EBC152 /* MainStoryboard.storyboard */ = {
			isa = PBXVariantGroup;
			children = (
				9EDA3C1B1665B87A00EBC152 /* en */,
			);
			name = MainStoryboard.storyboard;
			sourceTree = "<group>";
		};
/* End PBXVariantGroup section */

/* Begin XCBuildConfiguration section */
		9EDA3C201665B87A00EBC152 /* Debug */ = {
			isa = XCBuildConfiguration;
			buildSettings = {
				ALWAYS_SEARCH_USER_PATHS = NO;
				CLANG_CXX_LANGUAGE_STANDARD = "gnu++0x";
				CLANG_CXX_LIBRARY = "libc++";
				CLANG_ENABLE_OBJC_ARC = YES;
				CLANG_WARN_EMPTY_BODY = YES;
				CLANG_WARN__DUPLICATE_METHOD_MATCH = YES;
				"CODE_SIGN_IDENTITY[sdk=iphoneos*]" = "iPhone Developer";
				COPY_PHASE_STRIP = NO;
				GCC_C_LANGUAGE_STANDARD = gnu99;
				GCC_DYNAMIC_NO_PIC = NO;
				GCC_OPTIMIZATION_LEVEL = 0;
				GCC_PREPROCESSOR_DEFINITIONS = (
					"DEBUG=1",
					"$(inherited)",
				);
				GCC_SYMBOLS_PRIVATE_EXTERN = NO;
				GCC_WARN_ABOUT_RETURN_TYPE = YES;
				GCC_WARN_UNINITIALIZED_AUTOS = YES;
				GCC_WARN_UNUSED_VARIABLE = YES;
				IPHONEOS_DEPLOYMENT_TARGET = 6.0;
				ONLY_ACTIVE_ARCH = YES;
				SDKROOT = iphoneos;
			};
			name = Debug;
		};
		9EDA3C211665B87A00EBC152 /* Release */ = {
			isa = XCBuildConfiguration;
			buildSettings = {
				ALWAYS_SEARCH_USER_PATHS = NO;
				CLANG_CXX_LANGUAGE_STANDARD = "gnu++0x";
				CLANG_CXX_LIBRARY = "libc++";
				CLANG_ENABLE_OBJC_ARC = YES;
				CLANG_WARN_EMPTY_BODY = YES;
				CLANG_WARN__DUPLICATE_METHOD_MATCH = YES;
				"CODE_SIGN_IDENTITY[sdk=iphoneos*]" = "iPhone Developer";
				COPY_PHASE_STRIP = YES;
				GCC_C_LANGUAGE_STANDARD = gnu99;
				GCC_WARN_ABOUT_RETURN_TYPE = YES;
				GCC_WARN_UNINITIALIZED_AUTOS = YES;
				GCC_WARN_UNUSED_VARIABLE = YES;
				"HEADER_SEARCH_PATHS[arch=*]" = "";
				IPHONEOS_DEPLOYMENT_TARGET = 6.0;
				OTHER_CFLAGS = "-DNS_BLOCK_ASSERTIONS=1";
				SDKROOT = iphoneos;
				VALIDATE_PRODUCT = YES;
			};
			name = Release;
		};
		9EDA3C231665B87A00EBC152 /* Debug */ = {
			isa = XCBuildConfiguration;
			buildSettings = {
				APPLY_RULES_IN_COPY_FILES = YES;
				FRAMEWORK_SEARCH_PATHS = (
					"$(inherited)",
					"\"$(SRCROOT)\"",
					"\"$(SRCROOT)/Famish/Vendor\"",
				);
				GCC_PRECOMPILE_PREFIX_HEADER = YES;
				GCC_PREFIX_HEADER = "Famish/Famish-Prefix.pch";
				INFOPLIST_FILE = "Famish/Famish-Info.plist";
				OTHER_LDFLAGS = (
					"-all_load",
					"-ObjC",
				);
				PRODUCT_NAME = "$(TARGET_NAME)";
				WRAPPER_EXTENSION = app;
			};
			name = Debug;
		};
		9EDA3C241665B87A00EBC152 /* Release */ = {
			isa = XCBuildConfiguration;
			buildSettings = {
				APPLY_RULES_IN_COPY_FILES = YES;
				FRAMEWORK_SEARCH_PATHS = (
					"$(inherited)",
					"\"$(SRCROOT)\"",
					"\"$(SRCROOT)/Famish/Vendor\"",
				);
				GCC_PRECOMPILE_PREFIX_HEADER = YES;
				GCC_PREFIX_HEADER = "Famish/Famish-Prefix.pch";
				"HEADER_SEARCH_PATHS[arch=*]" = Vendor/MBProgressHUD;
				INFOPLIST_FILE = "Famish/Famish-Info.plist";
				OTHER_LDFLAGS = (
					"-all_load",
					"-ObjC",
				);
				PRODUCT_NAME = "$(TARGET_NAME)";
				WRAPPER_EXTENSION = app;
			};
			name = Release;
		};
/* End XCBuildConfiguration section */

/* Begin XCConfigurationList section */
		9EDA3BF81665B87A00EBC152 /* Build configuration list for PBXProject "Famish" */ = {
			isa = XCConfigurationList;
			buildConfigurations = (
				9EDA3C201665B87A00EBC152 /* Debug */,
				9EDA3C211665B87A00EBC152 /* Release */,
			);
			defaultConfigurationIsVisible = 0;
			defaultConfigurationName = Release;
		};
		9EDA3C221665B87A00EBC152 /* Build configuration list for PBXNativeTarget "Famish" */ = {
			isa = XCConfigurationList;
			buildConfigurations = (
				9EDA3C231665B87A00EBC152 /* Debug */,
				9EDA3C241665B87A00EBC152 /* Release */,
			);
			defaultConfigurationIsVisible = 0;
			defaultConfigurationName = Release;
		};
/* End XCConfigurationList section */
	};
	rootObject = 9EDA3BF51665B87A00EBC152 /* Project object */;
}
